{
  "version": 1,
  "dependencies": {
    "net6.0-windows7.0": {
      "HtmlAgilityPack": {
        "type": "Direct",
        "requested": "[1.11.46, )",
        "resolved": "1.11.46",
        "contentHash": "dLMn4EVfJBHWmWK4Uh0XGD76FPLHI0qr2Tm0s1m/xmgiHb1JUb9zB8AzO8HtrkBBlMN6JfCUBYddhqC0hZNR+g=="
      },
      "sqlite-net-pcl": {
        "type": "Direct",
        "requested": "[1.8.116, )",
        "resolved": "1.8.116",
        "contentHash": "W0NuwAOVVAR9LP4eZwNBIrim1p3EN7t8iNfSHXEhtzKAd4YyItekoQ8NyWYs4faVSrN2KZr/P5u4hycCjKKexg==",
        "dependencies": {
          "SQLitePCLRaw.bundle_green": "2.0.4"
        }
      },
      "WinCopies.WindowsAPICodePack.Shell": {
        "type": "Direct",
        "requested": "[3.11.0.1-preview, )",
        "resolved": "3.11.0.1-preview",
        "contentHash": "6TF7xnLk/8XiQAp9X9nL5zSTVEwg2yQ+3ca3t8Gifznmj27ELoSUefFzPu3HDJEOfvZus7xbO14aSSyiKZqxNQ==",
        "dependencies": {
          "WinCopies.Collections": "3.18.0-preview",
          "WinCopies.WindowsAPICodePack": "3.11.0-preview"
        }
      },
      "SQLitePCLRaw.bundle_green": {
        "type": "Transitive",
        "resolved": "2.0.4",
        "contentHash": "ubFgOHDmtTcq2LU7Ss10yHnFVMm2rFVr65Ggi+Mh514KjGx4pal98P2zSvZtWf3wbtJw6G1InBgeozBtnpEfKQ==",
        "dependencies": {
          "SQLitePCLRaw.core": "2.0.4",
          "SQLitePCLRaw.lib.e_sqlite3": "2.0.4",
          "SQLitePCLRaw.provider.dynamic_cdecl": "2.0.4"
        }
      },
      "SQLitePCLRaw.core": {
        "type": "Transitive",
        "resolved": "2.0.4",
        "contentHash": "4XlDZpDAsboMD6qZQcz9AaKblKDUTVHF+8f3lvbP7QjoqSRr2Xc0Lm34IK2pjRIYnyFLhI3yOJ5YWfOiCid2yg==",
        "dependencies": {
          "System.Memory": "4.5.3"
        }
      },
      "SQLitePCLRaw.lib.e_sqlite3": {
        "type": "Transitive",
        "resolved": "2.0.4",
        "contentHash": "oetvmtDZOE4Nnrtxd8Trapl9geBiu0rDCUXff46qGYjnUwzaU1mZ3OHnfR402tl32rx8gBWg3n5OBRaPJRbsGw=="
      },
      "SQLitePCLRaw.provider.dynamic_cdecl": {
        "type": "Transitive",
        "resolved": "2.0.4",
        "contentHash": "AY6+vv/4ji1mCkLrS6HP/88rHT9YFKRyg3LUj8RyIk6imJMUFdQDiP8rK8gq0a/0FbqspLjK1t7rtKcr7FXRYA==",
        "dependencies": {
          "SQLitePCLRaw.core": "2.0.4"
        }
      },
      "System.Memory": {
        "type": "Transitive",
        "resolved": "4.5.3",
        "contentHash": "3oDzvc/zzetpTKWMShs1AADwZjQ/36HnsufHRPcOjyRAAMLDlu2iD33MBI2opxnezcVUtXyqDXXjoFMOU9c7SA=="
      },
      "WinCopies.Collections": {
        "type": "Transitive",
        "resolved": "3.18.0-preview",
        "contentHash": "oEBruJgevjsJgO6x/QpdLOIxGubHCD/GC6I9Yc7Cb47HuFbKCrAKY/NaqsJvHa9bBDNWMkQkcH3RlhkOZccNDA==",
        "dependencies": {
          "WinCopies.Util": "3.18.0"
        }
      },
      "WinCopies.Util": {
        "type": "Transitive",
        "resolved": "3.18.0",
        "contentHash": "dQPghJN2NnLgavD/WO/pXVuGMHCeshCxR83Em2+UHokxolu+vpBcnU3AFzU+higBKJdojfyQgG2elCB8h9fCRg=="
      },
      "WinCopies.WindowsAPICodePack": {
        "type": "Transitive",
        "resolved": "3.11.0-preview",
        "contentHash": "iuGzhUyj9LNlSqtQYdsygzCrKMcHfVknIUcPyVG4tBm5FyLloj53JdxV4EFq83hB9H8aJ36igLBx99M/+wZUZQ==",
        "dependencies": {
          "WinCopies.Collections": "3.18.0-preview",
          "WinCopies.WindowsAPICodePack.COMNative": "3.11.0-preview"
        }
      },
      "WinCopies.WindowsAPICodePack.COMNative": {
        "type": "Transitive",
        "resolved": "3.11.0-preview",
        "contentHash": "J+TJH9wf9XmKts98P/x8F7j/jE1M0uxdhDrPMSw6mcUoi3hDWdYa9/F6NeI2EK1+uwPpRQXbuiotGmhqet4D+A==",
        "dependencies": {
          "WinCopies.Collections": "3.18.0-preview",
          "WinCopies.WindowsAPICodePack.Win32Native": "3.11.0-preview"
        }
      },
      "WinCopies.WindowsAPICodePack.Consts": {
        "type": "Transitive",
        "resolved": "3.11.0-preview",
        "contentHash": "ZFo/qYELgBKfWuMusoPsMohwzIhiVvt2lc6G82CIaTrYWJYZIuhRWDjp+YWCyDRJWlslSf/WSXVVeG2yMz9wJA=="
      },
      "WinCopies.WindowsAPICodePack.Win32Native": {
        "type": "Transitive",
        "resolved": "3.11.0-preview",
        "contentHash": "/avaPxKlxmBLRJIxQPtT2qnQb20j6KchfIXZ1DKnUNaV6l4kZg7kO/2EOpoQ0z1fxU3+9eD829va+xH2WCcTMg==",
        "dependencies": {
          "WinCopies.Util": "3.18.0",
          "WinCopies.WindowsAPICodePack.Consts": "3.11.0-preview"
        }
      }
    },
    "net6.0-windows7.0/win-x64": {
      "SQLitePCLRaw.lib.e_sqlite3": {
        "type": "Transitive",
        "resolved": "2.0.4",
        "contentHash": "oetvmtDZOE4Nnrtxd8Trapl9geBiu0rDCUXff46qGYjnUwzaU1mZ3OHnfR402tl32rx8gBWg3n5OBRaPJRbsGw=="
      }
    }
  }
}